// !$*UTF8*$!
{
	archiveVersion = 1;
	classes = {
	};
	objectVersion = 77;
	objects = {

/* Begin PBXBuildFile section */
		C91AB9112DD290F900441469 /* Kingfisher in Frameworks */ = {isa = PBXBuildFile; productRef = C91AB9102DD290F900441469 /* Kingfisher */; };
		C91AB92A2DD49C7E00441469 /* SFSafeSymbols in Frameworks */ = {isa = PBXBuildFile; productRef = C91AB9292DD49C7E00441469 /* SFSafeSymbols */; };
/* End PBXBuildFile section */

/* Begin PBXContainerItemProxy section */
		C91AB8B52DD01A3A00441469 /* PBXContainerItemProxy */ = {
			isa = PBXContainerItemProxy;
			containerPortal = C91AB89A2DD01A3800441469 /* Project object */;
			proxyType = 1;
			remoteGlobalIDString = C91AB8A12DD01A3800441469;
			remoteInfo = "Coolblue-IOS-demo";
		};
		C91AB8BF2DD01A3A00441469 /* PBXContainerItemProxy */ = {
			isa = PBXContainerItemProxy;
			containerPortal = C91AB89A2DD01A3800441469 /* Project object */;
			proxyType = 1;
			remoteGlobalIDString = C91AB8A12DD01A3800441469;
			remoteInfo = "Coolblue-IOS-demo";
		};
/* End PBXContainerItemProxy section */

/* Begin PBXFileReference section */
		C91AB8A22DD01A3800441469 /* Coolblue-IOS-demo.app */ = {isa = PBXFileReference; explicitFileType = wrapper.application; includeInIndex = 0; path = "Coolblue-IOS-demo.app"; sourceTree = BUILT_PRODUCTS_DIR; };
		C91AB8B42DD01A3A00441469 /* Coolblue-IOS-demoTests.xctest */ = {isa = PBXFileReference; explicitFileType = wrapper.cfbundle; includeInIndex = 0; path = "Coolblue-IOS-demoTests.xctest"; sourceTree = BUILT_PRODUCTS_DIR; };
		C91AB8BE2DD01A3A00441469 /* Coolblue-IOS-demoUITests.xctest */ = {isa = PBXFileReference; explicitFileType = wrapper.cfbundle; includeInIndex = 0; path = "Coolblue-IOS-demoUITests.xctest"; sourceTree = BUILT_PRODUCTS_DIR; };
/* End PBXFileReference section */

/* Begin PBXFileSystemSynchronizedRootGroup section */
		C91AB8A42DD01A3800441469 /* Coolblue-IOS-demo */ = {
			isa = PBXFileSystemSynchronizedRootGroup;
			path = "Coolblue-IOS-demo";
			sourceTree = "<group>";
		};
		C91AB8B72DD01A3A00441469 /* Coolblue-IOS-demoTests */ = {
			isa = PBXFileSystemSynchronizedRootGroup;
			path = "Coolblue-IOS-demoTests";
			sourceTree = "<group>";
		};
		C91AB8C12DD01A3A00441469 /* Coolblue-IOS-demoUITests */ = {
			isa = PBXFileSystemSynchronizedRootGroup;
			path = "Coolblue-IOS-demoUITests";
			sourceTree = "<group>";
		};
/* End PBXFileSystemSynchronizedRootGroup section */

/* Begin PBXFrameworksBuildPhase section */
		C91AB89F2DD01A3800441469 /* Frameworks */ = {
			isa = PBXFrameworksBuildPhase;
			buildActionMask = 2147483647;
			files = (
				C91AB92A2DD49C7E00441469 /* SFSafeSymbols in Frameworks */,
				C91AB9112DD290F900441469 /* Kingfisher in Frameworks */,
			);
			runOnlyForDeploymentPostprocessing = 0;
		};
		C91AB8B12DD01A3A00441469 /* Frameworks */ = {
			isa = PBXFrameworksBuildPhase;
			buildActionMask = 2147483647;
			files = (
			);
			runOnlyForDeploymentPostprocessing = 0;
		};
		C91AB8BB2DD01A3A00441469 /* Frameworks */ = {
			isa = PBXFrameworksBuildPhase;
			buildActionMask = 2147483647;
			files = (
			);
			runOnlyForDeploymentPostprocessing = 0;
		};
/* End PBXFrameworksBuildPhase section */

/* Begin PBXGroup section */
		C91AB8992DD01A3800441469 = {
			isa = PBXGroup;
			children = (
				C91AB8A42DD01A3800441469 /* Coolblue-IOS-demo */,
				C91AB8B72DD01A3A00441469 /* Coolblue-IOS-demoTests */,
				C91AB8C12DD01A3A00441469 /* Coolblue-IOS-demoUITests */,
				C91AB8A32DD01A3800441469 /* Products */,
			);
			sourceTree = "<group>";
		};
		C91AB8A32DD01A3800441469 /* Products */ = {
			isa = PBXGroup;
			children = (
				C91AB8A22DD01A3800441469 /* Coolblue-IOS-demo.app */,
				C91AB8B42DD01A3A00441469 /* Coolblue-IOS-demoTests.xctest */,
				C91AB8BE2DD01A3A00441469 /* Coolblue-IOS-demoUITests.xctest */,
			);
			name = Products;
			sourceTree = "<group>";
		};
/* End PBXGroup section */

/* Begin PBXNativeTarget section */
		C91AB8A12DD01A3800441469 /* Coolblue-IOS-demo */ = {
			isa = PBXNativeTarget;
			buildConfigurationList = C91AB8C82DD01A3A00441469 /* Build configuration list for PBXNativeTarget "Coolblue-IOS-demo" */;
			buildPhases = (
				C91AB89E2DD01A3800441469 /* Sources */,
				C91AB89F2DD01A3800441469 /* Frameworks */,
				C91AB8A02DD01A3800441469 /* Resources */,
			);
			buildRules = (
			);
			dependencies = (
			);
			fileSystemSynchronizedGroups = (
				C91AB8A42DD01A3800441469 /* Coolblue-IOS-demo */,
			);
			name = "Coolblue-IOS-demo";
			packageProductDependencies = (
				C91AB9102DD290F900441469 /* Kingfisher */,
				C91AB9292DD49C7E00441469 /* SFSafeSymbols */,
			);
			productName = "Coolblue-IOS-demo";
			productReference = C91AB8A22DD01A3800441469 /* Coolblue-IOS-demo.app */;
			productType = "com.apple.product-type.application";
		};
		C91AB8B32DD01A3A00441469 /* Coolblue-IOS-demoTests */ = {
			isa = PBXNativeTarget;
			buildConfigurationList = C91AB8CB2DD01A3A00441469 /* Build configuration list for PBXNativeTarget "Coolblue-IOS-demoTests" */;
			buildPhases = (
				C91AB8B02DD01A3A00441469 /* Sources */,
				C91AB8B12DD01A3A00441469 /* Frameworks */,
				C91AB8B22DD01A3A00441469 /* Resources */,
			);
			buildRules = (
			);
			dependencies = (
				C91AB8B62DD01A3A00441469 /* PBXTargetDependency */,
			);
			fileSystemSynchronizedGroups = (
				C91AB8B72DD01A3A00441469 /* Coolblue-IOS-demoTests */,
			);
			name = "Coolblue-IOS-demoTests";
			packageProductDependencies = (
			);
			productName = "Coolblue-IOS-demoTests";
			productReference = C91AB8B42DD01A3A00441469 /* Coolblue-IOS-demoTests.xctest */;
			productType = "com.apple.product-type.bundle.unit-test";
		};
		C91AB8BD2DD01A3A00441469 /* Coolblue-IOS-demoUITests */ = {
			isa = PBXNativeTarget;
			buildConfigurationList = C91AB8CE2DD01A3A00441469 /* Build configuration list for PBXNativeTarget "Coolblue-IOS-demoUITests" */;
			buildPhases = (
				C91AB8BA2DD01A3A00441469 /* Sources */,
				C91AB8BB2DD01A3A00441469 /* Frameworks */,
				C91AB8BC2DD01A3A00441469 /* Resources */,
			);
			buildRules = (
			);
			dependencies = (
				C91AB8C02DD01A3A00441469 /* PBXTargetDependency */,
			);
			fileSystemSynchronizedGroups = (
				C91AB8C12DD01A3A00441469 /* Coolblue-IOS-demoUITests */,
			);
			name = "Coolblue-IOS-demoUITests";
			packageProductDependencies = (
			);
			productName = "Coolblue-IOS-demoUITests";
			productReference = C91AB8BE2DD01A3A00441469 /* Coolblue-IOS-demoUITests.xctest */;
			productType = "com.apple.product-type.bundle.ui-testing";
		};
/* End PBXNativeTarget section */

/* Begin PBXProject section */
		C91AB89A2DD01A3800441469 /* Project object */ = {
			isa = PBXProject;
			attributes = {
				BuildIndependentTargetsInParallel = 1;
				LastSwiftUpdateCheck = 1630;
				LastUpgradeCheck = 1630;
				TargetAttributes = {
					C91AB8A12DD01A3800441469 = {
						CreatedOnToolsVersion = 16.3;
					};
					C91AB8B32DD01A3A00441469 = {
						CreatedOnToolsVersion = 16.3;
						TestTargetID = C91AB8A12DD01A3800441469;
					};
					C91AB8BD2DD01A3A00441469 = {
						CreatedOnToolsVersion = 16.3;
						TestTargetID = C91AB8A12DD01A3800441469;
					};
				};
			};
			buildConfigurationList = C91AB89D2DD01A3800441469 /* Build configuration list for PBXProject "Coolblue-IOS-demo" */;
			developmentRegion = en;
			hasScannedForEncodings = 0;
			knownRegions = (
				en,
				Base,
			);
			mainGroup = C91AB8992DD01A3800441469;
			minimizedProjectReferenceProxies = 1;
			packageReferences = (
				C91AB90F2DD290F800441469 /* XCRemoteSwiftPackageReference "Kingfisher" */,
				C91AB9282DD49C7E00441469 /* XCRemoteSwiftPackageReference "SFSafeSymbols" */,
			);
			preferredProjectObjectVersion = 77;
			productRefGroup = C91AB8A32DD01A3800441469 /* Products */;
			projectDirPath = "";
			projectRoot = "";
			targets = (
				C91AB8A12DD01A3800441469 /* Coolblue-IOS-demo */,
				C91AB8B32DD01A3A00441469 /* Coolblue-IOS-demoTests */,
				C91AB8BD2DD01A3A00441469 /* Coolblue-IOS-demoUITests */,
			);
		};
/* End PBXProject section */

/* Begin PBXResourcesBuildPhase section */
		C91AB8A02DD01A3800441469 /* Resources */ = {
			isa = PBXResourcesBuildPhase;
			buildActionMask = 2147483647;
			files = (
			);
			runOnlyForDeploymentPostprocessing = 0;
		};
		C91AB8B22DD01A3A00441469 /* Resources */ = {
			isa = PBXResourcesBuildPhase;
			buildActionMask = 2147483647;
			files = (
			);
			runOnlyForDeploymentPostprocessing = 0;
		};
		C91AB8BC2DD01A3A00441469 /* Resources */ = {
			isa = PBXResourcesBuildPhase;
			buildActionMask = 2147483647;
			files = (
			);
			runOnlyForDeploymentPostprocessing = 0;
		};
/* End PBXResourcesBuildPhase section */

/* Begin PBXSourcesBuildPhase section */
		C91AB89E2DD01A3800441469 /* Sources */ = {
			isa = PBXSourcesBuildPhase;
			buildActionMask = 2147483647;
			files = (
			);
			runOnlyForDeploymentPostprocessing = 0;
		};
		C91AB8B02DD01A3A00441469 /* Sources */ = {
			isa = PBXSourcesBuildPhase;
			buildActionMask = 2147483647;
			files = (
			);
			runOnlyForDeploymentPostprocessing = 0;
		};
		C91AB8BA2DD01A3A00441469 /* Sources */ = {
			isa = PBXSourcesBuildPhase;
			buildActionMask = 2147483647;
			files = (
			);
			runOnlyForDeploymentPostprocessing = 0;
		};
/* End PBXSourcesBuildPhase section */

/* Begin PBXTargetDependency section */
		C91AB8B62DD01A3A00441469 /* PBXTargetDependency */ = {
			isa = PBXTargetDependency;
			target = C91AB8A12DD01A3800441469 /* Coolblue-IOS-demo */;
			targetProxy = C91AB8B52DD01A3A00441469 /* PBXContainerItemProxy */;
		};
		C91AB8C02DD01A3A00441469 /* PBXTargetDependency */ = {
			isa = PBXTargetDependency;
			target = C91AB8A12DD01A3800441469 /* Coolblue-IOS-demo */;
			targetProxy = C91AB8BF2DD01A3A00441469 /* PBXContainerItemProxy */;
		};
/* End PBXTargetDependency section */

/* Begin XCBuildConfiguration section */
		C91AB8C62DD01A3A00441469 /* Debug */ = {
			isa = XCBuildConfiguration;
			buildSettings = {
				ALWAYS_SEARCH_USER_PATHS = NO;
				ASSETCATALOG_COMPILER_GENERATE_SWIFT_ASSET_SYMBOL_EXTENSIONS = YES;
				CLANG_ANALYZER_NONNULL = YES;
				CLANG_ANALYZER_NUMBER_OBJECT_CONVERSION = YES_AGGRESSIVE;
				CLANG_CXX_LANGUAGE_STANDARD = "gnu++20";
				CLANG_ENABLE_MODULES = YES;
				CLANG_ENABLE_OBJC_ARC = YES;
				CLANG_ENABLE_OBJC_WEAK = YES;
				CLANG_WARN_BLOCK_CAPTURE_AUTORELEASING = YES;
				CLANG_WARN_BOOL_CONVERSION = YES;
				CLANG_WARN_COMMA = YES;
				CLANG_WARN_CONSTANT_CONVERSION = YES;
				CLANG_WARN_DEPRECATED_OBJC_IMPLEMENTATIONS = YES;
				CLANG_WARN_DIRECT_OBJC_ISA_USAGE = YES_ERROR;
				CLANG_WARN_DOCUMENTATION_COMMENTS = YES;
				CLANG_WARN_EMPTY_BODY = YES;
				CLANG_WARN_ENUM_CONVERSION = YES;
				CLANG_WARN_INFINITE_RECURSION = YES;
				CLANG_WARN_INT_CONVERSION = YES;
				CLANG_WARN_NON_LITERAL_NULL_CONVERSION = YES;
				CLANG_WARN_OBJC_IMPLICIT_RETAIN_SELF = YES;
				CLANG_WARN_OBJC_LITERAL_CONVERSION = YES;
				CLANG_WARN_OBJC_ROOT_CLASS = YES_ERROR;
				CLANG_WARN_QUOTED_INCLUDE_IN_FRAMEWORK_HEADER = YES;
				CLANG_WARN_RANGE_LOOP_ANALYSIS = YES;
				CLANG_WARN_STRICT_PROTOTYPES = YES;
				CLANG_WARN_SUSPICIOUS_MOVE = YES;
				CLANG_WARN_UNGUARDED_AVAILABILITY = YES_AGGRESSIVE;
				CLANG_WARN_UNREACHABLE_CODE = YES;
				CLANG_WARN__DUPLICATE_METHOD_MATCH = YES;
				COPY_PHASE_STRIP = NO;
				DEBUG_INFORMATION_FORMAT = dwarf;
				ENABLE_STRICT_OBJC_MSGSEND = YES;
				ENABLE_TESTABILITY = YES;
				ENABLE_USER_SCRIPT_SANDBOXING = YES;
				GCC_C_LANGUAGE_STANDARD = gnu17;
				GCC_DYNAMIC_NO_PIC = NO;
				GCC_NO_COMMON_BLOCKS = YES;
				GCC_OPTIMIZATION_LEVEL = 0;
				GCC_PREPROCESSOR_DEFINITIONS = (
					"DEBUG=1",
					"$(inherited)",
				);
				GCC_WARN_64_TO_32_BIT_CONVERSION = YES;
				GCC_WARN_ABOUT_RETURN_TYPE = YES_ERROR;
				GCC_WARN_UNDECLARED_SELECTOR = YES;
				GCC_WARN_UNINITIALIZED_AUTOS = YES_AGGRESSIVE;
				GCC_WARN_UNUSED_FUNCTION = YES;
				GCC_WARN_UNUSED_VARIABLE = YES;
				IPHONEOS_DEPLOYMENT_TARGET = 18.4;
				LOCALIZATION_PREFERS_STRING_CATALOGS = YES;
				MTL_ENABLE_DEBUG_INFO = INCLUDE_SOURCE;
				MTL_FAST_MATH = YES;
				ONLY_ACTIVE_ARCH = YES;
				SDKROOT = iphoneos;
				SWIFT_ACTIVE_COMPILATION_CONDITIONS = "DEBUG $(inherited)";
				SWIFT_OPTIMIZATION_LEVEL = "-Onone";
			};
			name = Debug;
		};
		C91AB8C72DD01A3A00441469 /* Release */ = {
			isa = XCBuildConfiguration;
			buildSettings = {
				ALWAYS_SEARCH_USER_PATHS = NO;
				ASSETCATALOG_COMPILER_GENERATE_SWIFT_ASSET_SYMBOL_EXTENSIONS = YES;
				CLANG_ANALYZER_NONNULL = YES;
				CLANG_ANALYZER_NUMBER_OBJECT_CONVERSION = YES_AGGRESSIVE;
				CLANG_CXX_LANGUAGE_STANDARD = "gnu++20";
				CLANG_ENABLE_MODULES = YES;
				CLANG_ENABLE_OBJC_ARC = YES;
				CLANG_ENABLE_OBJC_WEAK = YES;
				CLANG_WARN_BLOCK_CAPTURE_AUTORELEASING = YES;
				CLANG_WARN_BOOL_CONVERSION = YES;
				CLANG_WARN_COMMA = YES;
				CLANG_WARN_CONSTANT_CONVERSION = YES;
				CLANG_WARN_DEPRECATED_OBJC_IMPLEMENTATIONS = YES;
				CLANG_WARN_DIRECT_OBJC_ISA_USAGE = YES_ERROR;
				CLANG_WARN_DOCUMENTATION_COMMENTS = YES;
				CLANG_WARN_EMPTY_BODY = YES;
				CLANG_WARN_ENUM_CONVERSION = YES;
				CLANG_WARN_INFINITE_RECURSION = YES;
				CLANG_WARN_INT_CONVERSION = YES;
				CLANG_WARN_NON_LITERAL_NULL_CONVERSION = YES;
				CLANG_WARN_OBJC_IMPLICIT_RETAIN_SELF = YES;
				CLANG_WARN_OBJC_LITERAL_CONVERSION = YES;
				CLANG_WARN_OBJC_ROOT_CLASS = YES_ERROR;
				CLANG_WARN_QUOTED_INCLUDE_IN_FRAMEWORK_HEADER = YES;
				CLANG_WARN_RANGE_LOOP_ANALYSIS = YES;
				CLANG_WARN_STRICT_PROTOTYPES = YES;
				CLANG_WARN_SUSPICIOUS_MOVE = YES;
				CLANG_WARN_UNGUARDED_AVAILABILITY = YES_AGGRESSIVE;
				CLANG_WARN_UNREACHABLE_CODE = YES;
				CLANG_WARN__DUPLICATE_METHOD_MATCH = YES;
				COPY_PHASE_STRIP = NO;
				DEBUG_INFORMATION_FORMAT = "dwarf-with-dsym";
				ENABLE_NS_ASSERTIONS = NO;
				ENABLE_STRICT_OBJC_MSGSEND = YES;
				ENABLE_USER_SCRIPT_SANDBOXING = YES;
				GCC_C_LANGUAGE_STANDARD = gnu17;
				GCC_NO_COMMON_BLOCKS = YES;
				GCC_WARN_64_TO_32_BIT_CONVERSION = YES;
				GCC_WARN_ABOUT_RETURN_TYPE = YES_ERROR;
				GCC_WARN_UNDECLARED_SELECTOR = YES;
				GCC_WARN_UNINITIALIZED_AUTOS = YES_AGGRESSIVE;
				GCC_WARN_UNUSED_FUNCTION = YES;
				GCC_WARN_UNUSED_VARIABLE = YES;
				IPHONEOS_DEPLOYMENT_TARGET = 18.4;
				LOCALIZATION_PREFERS_STRING_CATALOGS = YES;
				MTL_ENABLE_DEBUG_INFO = NO;
				MTL_FAST_MATH = YES;
				SDKROOT = iphoneos;
				SWIFT_COMPILATION_MODE = wholemodule;
				VALIDATE_PRODUCT = YES;
			};
			name = Release;
		};
		C91AB8C92DD01A3A00441469 /* Debug */ = {
			isa = XCBuildConfiguration;
			buildSettings = {
				ASSETCATALOG_COMPILER_APPICON_NAME = AppIcon;
				ASSETCATALOG_COMPILER_GLOBAL_ACCENT_COLOR_NAME = AccentColor;
				CODE_SIGN_STYLE = Automatic;
				CURRENT_PROJECT_VERSION = 1;
				ENABLE_PREVIEWS = YES;
				GENERATE_INFOPLIST_FILE = YES;
				INFOPLIST_KEY_UIApplicationSceneManifest_Generation = YES;
				INFOPLIST_KEY_UIApplicationSupportsIndirectInputEvents = YES;
				INFOPLIST_KEY_UILaunchScreen_Generation = YES;
				INFOPLIST_KEY_UISupportedInterfaceOrientations_iPad = "UIInterfaceOrientationPortrait UIInterfaceOrientationPortraitUpsideDown UIInterfaceOrientationLandscapeLeft UIInterfaceOrientationLandscapeRight";
				INFOPLIST_KEY_UISupportedInterfaceOrientations_iPhone = "UIInterfaceOrientationPortrait UIInterfaceOrientationLandscapeLeft UIInterfaceOrientationLandscapeRight";
				LD_RUNPATH_SEARCH_PATHS = (
					"$(inherited)",
					"@executable_path/Frameworks",
				);
				MARKETING_VERSION = 1.0;
				PRODUCT_BUNDLE_IDENTIFIER = "com.talhaoz.coolblueiosdemo.Coolblue-IOS-demo";
				PRODUCT_NAME = "$(TARGET_NAME)";
				SWIFT_EMIT_LOC_STRINGS = YES;
				SWIFT_VERSION = 5.0;
				TARGETED_DEVICE_FAMILY = "1,2";
			};
			name = Debug;
		};
		C91AB8CA2DD01A3A00441469 /* Release */ = {
			isa = XCBuildConfiguration;
			buildSettings = {
				ASSETCATALOG_COMPILER_APPICON_NAME = AppIcon;
				ASSETCATALOG_COMPILER_GLOBAL_ACCENT_COLOR_NAME = AccentColor;
				CODE_SIGN_STYLE = Automatic;
				CURRENT_PROJECT_VERSION = 1;
				ENABLE_PREVIEWS = YES;
				GENERATE_INFOPLIST_FILE = YES;
				INFOPLIST_KEY_UIApplicationSceneManifest_Generation = YES;
				INFOPLIST_KEY_UIApplicationSupportsIndirectInputEvents = YES;
				INFOPLIST_KEY_UILaunchScreen_Generation = YES;
				INFOPLIST_KEY_UISupportedInterfaceOrientations_iPad = "UIInterfaceOrientationPortrait UIInterfaceOrientationPortraitUpsideDown UIInterfaceOrientationLandscapeLeft UIInterfaceOrientationLandscapeRight";
				INFOPLIST_KEY_UISupportedInterfaceOrientations_iPhone = "UIInterfaceOrientationPortrait UIInterfaceOrientationLandscapeLeft UIInterfaceOrientationLandscapeRight";
				LD_RUNPATH_SEARCH_PATHS = (
					"$(inherited)",
					"@executable_path/Frameworks",
				);
				MARKETING_VERSION = 1.0;
				PRODUCT_BUNDLE_IDENTIFIER = "com.talhaoz.coolblueiosdemo.Coolblue-IOS-demo";
				PRODUCT_NAME = "$(TARGET_NAME)";
				SWIFT_EMIT_LOC_STRINGS = YES;
				SWIFT_VERSION = 5.0;
				TARGETED_DEVICE_FAMILY = "1,2";
			};
			name = Release;
		};
		C91AB8CC2DD01A3A00441469 /* Debug */ = {
			isa = XCBuildConfiguration;
			buildSettings = {
				BUNDLE_LOADER = "$(TEST_HOST)";
				CODE_SIGN_STYLE = Automatic;
				CURRENT_PROJECT_VERSION = 1;
				GENERATE_INFOPLIST_FILE = YES;
				IPHONEOS_DEPLOYMENT_TARGET = 18.4;
				MARKETING_VERSION = 1.0;
				PRODUCT_BUNDLE_IDENTIFIER = "com.talhaoz.coolblueiosdemo.Coolblue-IOS-demoTests";
				PRODUCT_NAME = "$(TARGET_NAME)";
				SWIFT_EMIT_LOC_STRINGS = NO;
				SWIFT_VERSION = 5.0;
				TARGETED_DEVICE_FAMILY = "1,2";
				TEST_HOST = "$(BUILT_PRODUCTS_DIR)/Coolblue-IOS-demo.app/$(BUNDLE_EXECUTABLE_FOLDER_PATH)/Coolblue-IOS-demo";
			};
			name = Debug;
		};
		C91AB8CD2DD01A3A00441469 /* Release */ = {
			isa = XCBuildConfiguration;
			buildSettings = {
				BUNDLE_LOADER = "$(TEST_HOST)";
				CODE_SIGN_STYLE = Automatic;
				CURRENT_PROJECT_VERSION = 1;
				GENERATE_INFOPLIST_FILE = YES;
				IPHONEOS_DEPLOYMENT_TARGET = 18.4;
				MARKETING_VERSION = 1.0;
				PRODUCT_BUNDLE_IDENTIFIER = "com.talhaoz.coolblueiosdemo.Coolblue-IOS-demoTests";
				PRODUCT_NAME = "$(TARGET_NAME)";
				SWIFT_EMIT_LOC_STRINGS = NO;
				SWIFT_VERSION = 5.0;
				TARGETED_DEVICE_FAMILY = "1,2";
				TEST_HOST = "$(BUILT_PRODUCTS_DIR)/Coolblue-IOS-demo.app/$(BUNDLE_EXECUTABLE_FOLDER_PATH)/Coolblue-IOS-demo";
			};
			name = Release;
		};
		C91AB8CF2DD01A3A00441469 /* Debug */ = {
			isa = XCBuildConfiguration;
			buildSettings = {
				CODE_SIGN_STYLE = Automatic;
				CURRENT_PROJECT_VERSION = 1;
				GENERATE_INFOPLIST_FILE = YES;
				MARKETING_VERSION = 1.0;
				PRODUCT_BUNDLE_IDENTIFIER = "com.talhaoz.coolblueiosdemo.Coolblue-IOS-demoUITests";
				PRODUCT_NAME = "$(TARGET_NAME)";
				SWIFT_EMIT_LOC_STRINGS = NO;
				SWIFT_VERSION = 5.0;
				TARGETED_DEVICE_FAMILY = "1,2";
				TEST_TARGET_NAME = "Coolblue-IOS-demo";
			};
			name = Debug;
		};
		C91AB8D02DD01A3A00441469 /* Release */ = {
			isa = XCBuildConfiguration;
			buildSettings = {
				CODE_SIGN_STYLE = Automatic;
				CURRENT_PROJECT_VERSION = 1;
				GENERATE_INFOPLIST_FILE = YES;
				MARKETING_VERSION = 1.0;
				PRODUCT_BUNDLE_IDENTIFIER = "com.talhaoz.coolblueiosdemo.Coolblue-IOS-demoUITests";
				PRODUCT_NAME = "$(TARGET_NAME)";
				SWIFT_EMIT_LOC_STRINGS = NO;
				SWIFT_VERSION = 5.0;
				TARGETED_DEVICE_FAMILY = "1,2";
				TEST_TARGET_NAME = "Coolblue-IOS-demo";
			};
			name = Release;
		};
/* End XCBuildConfiguration section */

/* Begin XCConfigurationList section */
		C91AB89D2DD01A3800441469 /* Build configuration list for PBXProject "Coolblue-IOS-demo" */ = {
			isa = XCConfigurationList;
			buildConfigurations = (
				C91AB8C62DD01A3A00441469 /* Debug */,
				C91AB8C72DD01A3A00441469 /* Release */,
			);
			defaultConfigurationIsVisible = 0;
			defaultConfigurationName = Release;
		};
		C91AB8C82DD01A3A00441469 /* Build configuration list for PBXNativeTarget "Coolblue-IOS-demo" */ = {
			isa = XCConfigurationList;
			buildConfigurations = (
				C91AB8C92DD01A3A00441469 /* Debug */,
				C91AB8CA2DD01A3A00441469 /* Release */,
			);
			defaultConfigurationIsVisible = 0;
			defaultConfigurationName = Release;
		};
		C91AB8CB2DD01A3A00441469 /* Build configuration list for PBXNativeTarget "Coolblue-IOS-demoTests" */ = {
			isa = XCConfigurationList;
			buildConfigurations = (
				C91AB8CC2DD01A3A00441469 /* Debug */,
				C91AB8CD2DD01A3A00441469 /* Release */,
			);
			defaultConfigurationIsVisible = 0;
			defaultConfigurationName = Release;
		};
		C91AB8CE2DD01A3A00441469 /* Build configuration list for PBXNativeTarget "Coolblue-IOS-demoUITests" */ = {
			isa = XCConfigurationList;
			buildConfigurations = (
				C91AB8CF2DD01A3A00441469 /* Debug */,
				C91AB8D02DD01A3A00441469 /* Release */,
			);
			defaultConfigurationIsVisible = 0;
			defaultConfigurationName = Release;
		};
/* End XCConfigurationList section */

/* Begin XCRemoteSwiftPackageReference section */
		C91AB90F2DD290F800441469 /* XCRemoteSwiftPackageReference "Kingfisher" */ = {
			isa = XCRemoteSwiftPackageReference;
			repositoryURL = "https://github.com/onevcat/Kingfisher";
			requirement = {
				kind = upToNextMajorVersion;
				minimumVersion = 8.3.2;
			};
		};
		C91AB9282DD49C7E00441469 /* XCRemoteSwiftPackageReference "SFSafeSymbols" */ = {
			isa = XCRemoteSwiftPackageReference;
			repositoryURL = "https://github.com/SFSafeSymbols/SFSafeSymbols";
			requirement = {
				kind = upToNextMajorVersion;
				minimumVersion = 6.2.0;
			};
		};
/* End XCRemoteSwiftPackageReference section */

/* Begin XCSwiftPackageProductDependency section */
		C91AB9102DD290F900441469 /* Kingfisher */ = {
			isa = XCSwiftPackageProductDependency;
			package = C91AB90F2DD290F800441469 /* XCRemoteSwiftPackageReference "Kingfisher" */;
			productName = Kingfisher;
		};
		C91AB9292DD49C7E00441469 /* SFSafeSymbols */ = {
			isa = XCSwiftPackageProductDependency;
			package = C91AB9282DD49C7E00441469 /* XCRemoteSwiftPackageReference "SFSafeSymbols" */;
			productName = SFSafeSymbols;
		};
/* End XCSwiftPackageProductDependency section */
	};
	rootObject = C91AB89A2DD01A3800441469 /* Project object */;
}
